// !$*UTF8*$!
{
	archiveVersion = 1;
	classes = {
	};
	objectVersion = 77;
	objects = {

/* Begin PBXBuildFile section */
		46B177A22D763C2B00774691 /* Apple_FrameworksUITests.swift in Sources */ = {isa = PBXBuildFile; fileRef = 46B1779F2D763C2B00774691 /* Apple_FrameworksUITests.swift */; };
		46B177A32D763C2B00774691 /* Apple_FrameworksUITestsLaunchTests.swift in Sources */ = {isa = PBXBuildFile; fileRef = 46B177A02D763C2B00774691 /* Apple_FrameworksUITestsLaunchTests.swift */; };
		46B177A92D763C5F00774691 /* Apple_FrameworksTests.swift in Sources */ = {isa = PBXBuildFile; fileRef = 46B177A72D763C5F00774691 /* Apple_FrameworksTests.swift */; };
		46B177BD2D763C9C00774691 /* Assets.xcassets in Resources */ = {isa = PBXBuildFile; fileRef = 46B177B72D763C9C00774691 /* Assets.xcassets */; };
		46B177BE2D763C9C00774691 /* Preview Assets.xcassets in Resources */ = {isa = PBXBuildFile; fileRef = 46B177AD2D763C9C00774691 /* Preview Assets.xcassets */; };
		46B177BF2D763C9C00774691 /* FrameworkGridViewModel.swift in Sources */ = {isa = PBXBuildFile; fileRef = 46B177B22D763C9C00774691 /* FrameworkGridViewModel.swift */; };
		46B177C02D763C9C00774691 /* Framework.swift in Sources */ = {isa = PBXBuildFile; fileRef = 46B177B82D763C9C00774691 /* Framework.swift */; };
		46B177C12D763C9C00774691 /* FrameworkTitleView.swift in Sources */ = {isa = PBXBuildFile; fileRef = 46B177B92D763C9C00774691 /* FrameworkTitleView.swift */; };
		46B177C22D763C9C00774691 /* SafariView.swift in Sources */ = {isa = PBXBuildFile; fileRef = 46B177BA2D763C9C00774691 /* SafariView.swift */; };
		46B177C32D763C9C00774691 /* FrameworkGridView.swift in Sources */ = {isa = PBXBuildFile; fileRef = 46B177B12D763C9C00774691 /* FrameworkGridView.swift */; };
		46B177C42D763C9C00774691 /* AFButton.swift in Sources */ = {isa = PBXBuildFile; fileRef = 46B177B52D763C9C00774691 /* AFButton.swift */; };
		46B177C52D763C9C00774691 /* XDismissButton.swift in Sources */ = {isa = PBXBuildFile; fileRef = 46B177BB2D763C9C00774691 /* XDismissButton.swift */; };
		46B177C62D763C9C00774691 /* FrameworkDetailView.swift in Sources */ = {isa = PBXBuildFile; fileRef = 46B177AF2D763C9C00774691 /* FrameworkDetailView.swift */; };
		46B177C72D763C9C00774691 /* Apple_FrameworksApp.swift in Sources */ = {isa = PBXBuildFile; fileRef = 46B177B62D763C9C00774691 /* Apple_FrameworksApp.swift */; };
/* End PBXBuildFile section */

/* Begin PBXContainerItemProxy section */
		FD0A572C2D6E418B003475A1 /* PBXContainerItemProxy */ = {
			isa = PBXContainerItemProxy;
			containerPortal = FD0A57132D6E4188003475A1 /* Project object */;
			proxyType = 1;
			remoteGlobalIDString = FD0A571A2D6E4188003475A1;
			remoteInfo = "Apple-Frameworks";
		};
		FD0A57362D6E418B003475A1 /* PBXContainerItemProxy */ = {
			isa = PBXContainerItemProxy;
			containerPortal = FD0A57132D6E4188003475A1 /* Project object */;
			proxyType = 1;
			remoteGlobalIDString = FD0A571A2D6E4188003475A1;
			remoteInfo = "Apple-Frameworks";
		};
/* End PBXContainerItemProxy section */

/* Begin PBXFileReference section */
		46B1779F2D763C2B00774691 /* Apple_FrameworksUITests.swift */ = {isa = PBXFileReference; lastKnownFileType = sourcecode.swift; path = Apple_FrameworksUITests.swift; sourceTree = "<group>"; };
		46B177A02D763C2B00774691 /* Apple_FrameworksUITestsLaunchTests.swift */ = {isa = PBXFileReference; lastKnownFileType = sourcecode.swift; path = Apple_FrameworksUITestsLaunchTests.swift; sourceTree = "<group>"; };
		46B177A72D763C5F00774691 /* Apple_FrameworksTests.swift */ = {isa = PBXFileReference; lastKnownFileType = sourcecode.swift; path = Apple_FrameworksTests.swift; sourceTree = "<group>"; };
		46B177AA2D763C8600774691 /* Apple-Frameworks.app */ = {isa = PBXFileReference; explicitFileType = wrapper.application; includeInIndex = 0; name = "Apple-Frameworks.app"; path = "/Users/andrewchong/Desktop/Projects/Apple-Frameworks/build/Debug-iphoneos/Apple-Frameworks.app"; sourceTree = "<absolute>"; };
		46B177AB2D763C8600774691 /* Apple-FrameworksTests.xctest */ = {isa = PBXFileReference; explicitFileType = wrapper.cfbundle; includeInIndex = 0; name = "Apple-FrameworksTests.xctest"; path = "/Users/andrewchong/Desktop/Projects/Apple-Frameworks/build/Debug-iphoneos/Apple-Frameworks.app/PlugIns/Apple-FrameworksTests.xctest"; sourceTree = "<absolute>"; };
		46B177AC2D763C8600774691 /* Apple-FrameworksUITests.xctest */ = {isa = PBXFileReference; explicitFileType = wrapper.cfbundle; includeInIndex = 0; name = "Apple-FrameworksUITests.xctest"; path = "/Users/andrewchong/Desktop/Projects/Apple-Frameworks/build/Debug-iphoneos/Apple-FrameworksUITests-Runner.app/PlugIns/Apple-FrameworksUITests.xctest"; sourceTree = "<absolute>"; };
		46B177AD2D763C9C00774691 /* Preview Assets.xcassets */ = {isa = PBXFileReference; lastKnownFileType = folder.assetcatalog; path = "Preview Assets.xcassets"; sourceTree = "<group>"; };
		46B177AF2D763C9C00774691 /* FrameworkDetailView.swift */ = {isa = PBXFileReference; lastKnownFileType = sourcecode.swift; path = FrameworkDetailView.swift; sourceTree = "<group>"; };
		46B177B12D763C9C00774691 /* FrameworkGridView.swift */ = {isa = PBXFileReference; lastKnownFileType = sourcecode.swift; path = FrameworkGridView.swift; sourceTree = "<group>"; };
		46B177B22D763C9C00774691 /* FrameworkGridViewModel.swift */ = {isa = PBXFileReference; lastKnownFileType = sourcecode.swift; path = FrameworkGridViewModel.swift; sourceTree = "<group>"; };
		46B177B52D763C9C00774691 /* AFButton.swift */ = {isa = PBXFileReference; lastKnownFileType = sourcecode.swift; path = AFButton.swift; sourceTree = "<group>"; };
		46B177B62D763C9C00774691 /* Apple_FrameworksApp.swift */ = {isa = PBXFileReference; lastKnownFileType = sourcecode.swift; path = Apple_FrameworksApp.swift; sourceTree = "<group>"; };
		46B177B72D763C9C00774691 /* Assets.xcassets */ = {isa = PBXFileReference; lastKnownFileType = folder.assetcatalog; path = Assets.xcassets; sourceTree = "<group>"; };
		46B177B82D763C9C00774691 /* Framework.swift */ = {isa = PBXFileReference; lastKnownFileType = sourcecode.swift; path = Framework.swift; sourceTree = "<group>"; };
		46B177B92D763C9C00774691 /* FrameworkTitleView.swift */ = {isa = PBXFileReference; lastKnownFileType = sourcecode.swift; path = FrameworkTitleView.swift; sourceTree = "<group>"; };
		46B177BA2D763C9C00774691 /* SafariView.swift */ = {isa = PBXFileReference; lastKnownFileType = sourcecode.swift; path = SafariView.swift; sourceTree = "<group>"; };
		46B177BB2D763C9C00774691 /* XDismissButton.swift */ = {isa = PBXFileReference; lastKnownFileType = sourcecode.swift; path = XDismissButton.swift; sourceTree = "<group>"; };
/* End PBXFileReference section */

/* Begin PBXFrameworksBuildPhase section */
		FD0A57182D6E4188003475A1 /* Frameworks */ = {
			isa = PBXFrameworksBuildPhase;
			buildActionMask = 2147483647;
			files = (
			);
			runOnlyForDeploymentPostprocessing = 0;
		};
		FD0A57282D6E418B003475A1 /* Frameworks */ = {
			isa = PBXFrameworksBuildPhase;
			buildActionMask = 2147483647;
			files = (
			);
			runOnlyForDeploymentPostprocessing = 0;
		};
		FD0A57322D6E418B003475A1 /* Frameworks */ = {
			isa = PBXFrameworksBuildPhase;
			buildActionMask = 2147483647;
			files = (
			);
			runOnlyForDeploymentPostprocessing = 0;
		};
/* End PBXFrameworksBuildPhase section */

/* Begin PBXGroup section */
		46B177A12D763C2B00774691 /* Apple-FrameworksUITests */ = {
			isa = PBXGroup;
			children = (
				46B1779F2D763C2B00774691 /* Apple_FrameworksUITests.swift */,
				46B177A02D763C2B00774691 /* Apple_FrameworksUITestsLaunchTests.swift */,
			);
			path = "Apple-FrameworksUITests";
			sourceTree = "<group>";
		};
		46B177A82D763C5F00774691 /* Apple-FrameworksTests */ = {
			isa = PBXGroup;
			children = (
				46B177A72D763C5F00774691 /* Apple_FrameworksTests.swift */,
			);
			path = "Apple-FrameworksTests";
			sourceTree = "<group>";
		};
		46B177AE2D763C9C00774691 /* Preview Content */ = {
			isa = PBXGroup;
			children = (
				46B177AD2D763C9C00774691 /* Preview Assets.xcassets */,
			);
			path = "Preview Content";
			sourceTree = "<group>";
		};
		46B177B02D763C9C00774691 /* FrameworkDetailView */ = {
			isa = PBXGroup;
			children = (
				46B177AF2D763C9C00774691 /* FrameworkDetailView.swift */,
			);
			path = FrameworkDetailView;
			sourceTree = "<group>";
		};
		46B177B32D763C9C00774691 /* FrameworkGridView */ = {
			isa = PBXGroup;
			children = (
				46B177B12D763C9C00774691 /* FrameworkGridView.swift */,
				46B177B22D763C9C00774691 /* FrameworkGridViewModel.swift */,
			);
			path = FrameworkGridView;
			sourceTree = "<group>";
		};
		46B177B42D763C9C00774691 /* Screens */ = {
			isa = PBXGroup;
			children = (
				46B177B32D763C9C00774691 /* FrameworkGridView */,
				46B177B02D763C9C00774691 /* FrameworkDetailView */,
			);
			path = Screens;
			sourceTree = "<group>";
		};
		46B177BC2D763C9C00774691 /* Apple-Frameworks */ = {
			isa = PBXGroup;
			children = (
				46B177AE2D763C9C00774691 /* Preview Content */,
				46B177B42D763C9C00774691 /* Screens */,
				46B177B62D763C9C00774691 /* Apple_FrameworksApp.swift */,
				46B177B82D763C9C00774691 /* Framework.swift */,
				46B177BA2D763C9C00774691 /* SafariView.swift */,
				46B177B72D763C9C00774691 /* Assets.xcassets */,
				46B177B52D763C9C00774691 /* AFButton.swift */,
				46B177B92D763C9C00774691 /* FrameworkTitleView.swift */,
				46B177BB2D763C9C00774691 /* XDismissButton.swift */,
			);
			path = "Apple-Frameworks";
			sourceTree = "<group>";
		};
		FD0A57122D6E4188003475A1 = {
			isa = PBXGroup;
			children = (
				46B177BC2D763C9C00774691 /* Apple-Frameworks */,
				46B177A82D763C5F00774691 /* Apple-FrameworksTests */,
				46B177A12D763C2B00774691 /* Apple-FrameworksUITests */,
			);
			sourceTree = "<group>";
		};
/* End PBXGroup section */

/* Begin PBXNativeTarget section */
		FD0A571A2D6E4188003475A1 /* Apple-Frameworks */ = {
			isa = PBXNativeTarget;
			buildConfigurationList = FD0A573F2D6E418B003475A1 /* Build configuration list for PBXNativeTarget "Apple-Frameworks" */;
			buildPhases = (
				FD0A57172D6E4188003475A1 /* Sources */,
				FD0A57182D6E4188003475A1 /* Frameworks */,
				FD0A57192D6E4188003475A1 /* Resources */,
			);
			buildRules = (
			);
			dependencies = (
			);
			name = "Apple-Frameworks";
			packageProductDependencies = (
			);
			productName = "Apple-Frameworks";
			productReference = 46B177AA2D763C8600774691 /* Apple-Frameworks.app */;
			productType = "com.apple.product-type.application";
		};
		FD0A572A2D6E418B003475A1 /* Apple-FrameworksTests */ = {
			isa = PBXNativeTarget;
			buildConfigurationList = FD0A57422D6E418B003475A1 /* Build configuration list for PBXNativeTarget "Apple-FrameworksTests" */;
			buildPhases = (
				FD0A57272D6E418B003475A1 /* Sources */,
				FD0A57282D6E418B003475A1 /* Frameworks */,
				FD0A57292D6E418B003475A1 /* Resources */,
			);
			buildRules = (
			);
			dependencies = (
				FD0A572D2D6E418B003475A1 /* PBXTargetDependency */,
			);
			name = "Apple-FrameworksTests";
			packageProductDependencies = (
			);
			productName = "Apple-FrameworksTests";
			productReference = 46B177AB2D763C8600774691 /* Apple-FrameworksTests.xctest */;
			productType = "com.apple.product-type.bundle.unit-test";
		};
		FD0A57342D6E418B003475A1 /* Apple-FrameworksUITests */ = {
			isa = PBXNativeTarget;
			buildConfigurationList = FD0A57452D6E418B003475A1 /* Build configuration list for PBXNativeTarget "Apple-FrameworksUITests" */;
			buildPhases = (
				FD0A57312D6E418B003475A1 /* Sources */,
				FD0A57322D6E418B003475A1 /* Frameworks */,
				FD0A57332D6E418B003475A1 /* Resources */,
			);
			buildRules = (
			);
			dependencies = (
				FD0A57372D6E418B003475A1 /* PBXTargetDependency */,
			);
			name = "Apple-FrameworksUITests";
			packageProductDependencies = (
			);
			productName = "Apple-FrameworksUITests";
			productReference = 46B177AC2D763C8600774691 /* Apple-FrameworksUITests.xctest */;
			productType = "com.apple.product-type.bundle.ui-testing";
		};
/* End PBXNativeTarget section */

/* Begin PBXProject section */
		FD0A57132D6E4188003475A1 /* Project object */ = {
			isa = PBXProject;
			attributes = {
				BuildIndependentTargetsInParallel = 1;
				LastSwiftUpdateCheck = 1600;
				LastUpgradeCheck = 1600;
				TargetAttributes = {
					FD0A571A2D6E4188003475A1 = {
						CreatedOnToolsVersion = 16.0;
					};
					FD0A572A2D6E418B003475A1 = {
						CreatedOnToolsVersion = 16.0;
						TestTargetID = FD0A571A2D6E4188003475A1;
					};
					FD0A57342D6E418B003475A1 = {
						CreatedOnToolsVersion = 16.0;
						TestTargetID = FD0A571A2D6E4188003475A1;
					};
				};
			};
			buildConfigurationList = FD0A57162D6E4188003475A1 /* Build configuration list for PBXProject "Apple-Frameworks" */;
			developmentRegion = en;
			hasScannedForEncodings = 0;
			knownRegions = (
				en,
				Base,
			);
			mainGroup = FD0A57122D6E4188003475A1;
			minimizedProjectReferenceProxies = 1;
			preferredProjectObjectVersion = 77;
			productRefGroup = FD0A57122D6E4188003475A1;
			projectDirPath = "";
			projectRoot = "";
			targets = (
				FD0A571A2D6E4188003475A1 /* Apple-Frameworks */,
				FD0A572A2D6E418B003475A1 /* Apple-FrameworksTests */,
				FD0A57342D6E418B003475A1 /* Apple-FrameworksUITests */,
			);
		};
/* End PBXProject section */

/* Begin PBXResourcesBuildPhase section */
		FD0A57192D6E4188003475A1 /* Resources */ = {
			isa = PBXResourcesBuildPhase;
			buildActionMask = 2147483647;
			files = (
				46B177BD2D763C9C00774691 /* Assets.xcassets in Resources */,
				46B177BE2D763C9C00774691 /* Preview Assets.xcassets in Resources */,
			);
			runOnlyForDeploymentPostprocessing = 0;
		};
		FD0A57292D6E418B003475A1 /* Resources */ = {
			isa = PBXResourcesBuildPhase;
			buildActionMask = 2147483647;
			files = (
			);
			runOnlyForDeploymentPostprocessing = 0;
		};
		FD0A57332D6E418B003475A1 /* Resources */ = {
			isa = PBXResourcesBuildPhase;
			buildActionMask = 2147483647;
			files = (
			);
			runOnlyForDeploymentPostprocessing = 0;
		};
/* End PBXResourcesBuildPhase section */

/* Begin PBXSourcesBuildPhase section */
		FD0A57172D6E4188003475A1 /* Sources */ = {
			isa = PBXSourcesBuildPhase;
			buildActionMask = 2147483647;
			files = (
				46B177BF2D763C9C00774691 /* FrameworkGridViewModel.swift in Sources */,
				46B177C02D763C9C00774691 /* Framework.swift in Sources */,
				46B177C12D763C9C00774691 /* FrameworkTitleView.swift in Sources */,
				46B177C22D763C9C00774691 /* SafariView.swift in Sources */,
				46B177C32D763C9C00774691 /* FrameworkGridView.swift in Sources */,
				46B177C42D763C9C00774691 /* AFButton.swift in Sources */,
				46B177C52D763C9C00774691 /* XDismissButton.swift in Sources */,
				46B177C62D763C9C00774691 /* FrameworkDetailView.swift in Sources */,
				46B177C72D763C9C00774691 /* Apple_FrameworksApp.swift in Sources */,
			);
			runOnlyForDeploymentPostprocessing = 0;
		};
		FD0A57272D6E418B003475A1 /* Sources */ = {
			isa = PBXSourcesBuildPhase;
			buildActionMask = 2147483647;
			files = (
				46B177A92D763C5F00774691 /* Apple_FrameworksTests.swift in Sources */,
			);
			runOnlyForDeploymentPostprocessing = 0;
		};
		FD0A57312D6E418B003475A1 /* Sources */ = {
			isa = PBXSourcesBuildPhase;
			buildActionMask = 2147483647;
			files = (
				46B177A22D763C2B00774691 /* Apple_FrameworksUITests.swift in Sources */,
				46B177A32D763C2B00774691 /* Apple_FrameworksUITestsLaunchTests.swift in Sources */,
			);
			runOnlyForDeploymentPostprocessing = 0;
		};
/* End PBXSourcesBuildPhase section */

/* Begin PBXTargetDependency section */
		FD0A572D2D6E418B003475A1 /* PBXTargetDependency */ = {
			isa = PBXTargetDependency;
			target = FD0A571A2D6E4188003475A1 /* Apple-Frameworks */;
			targetProxy = FD0A572C2D6E418B003475A1 /* PBXContainerItemProxy */;
		};
		FD0A57372D6E418B003475A1 /* PBXTargetDependency */ = {
			isa = PBXTargetDependency;
			target = FD0A571A2D6E4188003475A1 /* Apple-Frameworks */;
			targetProxy = FD0A57362D6E418B003475A1 /* PBXContainerItemProxy */;
		};
/* End PBXTargetDependency section */

/* Begin XCBuildConfiguration section */
		FD0A573D2D6E418B003475A1 /* Debug */ = {
			isa = XCBuildConfiguration;
			buildSettings = {
				ALWAYS_SEARCH_USER_PATHS = NO;
				ASSETCATALOG_COMPILER_GENERATE_SWIFT_ASSET_SYMBOL_EXTENSIONS = YES;
				CLANG_ANALYZER_NONNULL = YES;
				CLANG_ANALYZER_NUMBER_OBJECT_CONVERSION = YES_AGGRESSIVE;
				CLANG_CXX_LANGUAGE_STANDARD = "gnu++20";
				CLANG_ENABLE_MODULES = YES;
				CLANG_ENABLE_OBJC_ARC = YES;
				CLANG_ENABLE_OBJC_WEAK = YES;
				CLANG_WARN_BLOCK_CAPTURE_AUTORELEASING = YES;
				CLANG_WARN_BOOL_CONVERSION = YES;
				CLANG_WARN_COMMA = YES;
				CLANG_WARN_CONSTANT_CONVERSION = YES;
				CLANG_WARN_DEPRECATED_OBJC_IMPLEMENTATIONS = YES;
				CLANG_WARN_DIRECT_OBJC_ISA_USAGE = YES_ERROR;
				CLANG_WARN_DOCUMENTATION_COMMENTS = YES;
				CLANG_WARN_EMPTY_BODY = YES;
				CLANG_WARN_ENUM_CONVERSION = YES;
				CLANG_WARN_INFINITE_RECURSION = YES;
				CLANG_WARN_INT_CONVERSION = YES;
				CLANG_WARN_NON_LITERAL_NULL_CONVERSION = YES;
				CLANG_WARN_OBJC_IMPLICIT_RETAIN_SELF = YES;
				CLANG_WARN_OBJC_LITERAL_CONVERSION = YES;
				CLANG_WARN_OBJC_ROOT_CLASS = YES_ERROR;
				CLANG_WARN_QUOTED_INCLUDE_IN_FRAMEWORK_HEADER = YES;
				CLANG_WARN_RANGE_LOOP_ANALYSIS = YES;
				CLANG_WARN_STRICT_PROTOTYPES = YES;
				CLANG_WARN_SUSPICIOUS_MOVE = YES;
				CLANG_WARN_UNGUARDED_AVAILABILITY = YES_AGGRESSIVE;
				CLANG_WARN_UNREACHABLE_CODE = YES;
				CLANG_WARN__DUPLICATE_METHOD_MATCH = YES;
				COPY_PHASE_STRIP = NO;
				DEBUG_INFORMATION_FORMAT = dwarf;
				ENABLE_STRICT_OBJC_MSGSEND = YES;
				ENABLE_TESTABILITY = YES;
				ENABLE_USER_SCRIPT_SANDBOXING = YES;
				GCC_C_LANGUAGE_STANDARD = gnu17;
				GCC_DYNAMIC_NO_PIC = NO;
				GCC_NO_COMMON_BLOCKS = YES;
				GCC_OPTIMIZATION_LEVEL = 0;
				GCC_PREPROCESSOR_DEFINITIONS = (
					"DEBUG=1",
					"$(inherited)",
				);
				GCC_WARN_64_TO_32_BIT_CONVERSION = YES;
				GCC_WARN_ABOUT_RETURN_TYPE = YES_ERROR;
				GCC_WARN_UNDECLARED_SELECTOR = YES;
				GCC_WARN_UNINITIALIZED_AUTOS = YES_AGGRESSIVE;
				GCC_WARN_UNUSED_FUNCTION = YES;
				GCC_WARN_UNUSED_VARIABLE = YES;
				IPHONEOS_DEPLOYMENT_TARGET = 18.0;
				LOCALIZATION_PREFERS_STRING_CATALOGS = YES;
				MTL_ENABLE_DEBUG_INFO = INCLUDE_SOURCE;
				MTL_FAST_MATH = YES;
				ONLY_ACTIVE_ARCH = YES;
				SDKROOT = iphoneos;
				SWIFT_ACTIVE_COMPILATION_CONDITIONS = "DEBUG $(inherited)";
				SWIFT_OPTIMIZATION_LEVEL = "-Onone";
			};
			name = Debug;
		};
		FD0A573E2D6E418B003475A1 /* Release */ = {
			isa = XCBuildConfiguration;
			buildSettings = {
				ALWAYS_SEARCH_USER_PATHS = NO;
				ASSETCATALOG_COMPILER_GENERATE_SWIFT_ASSET_SYMBOL_EXTENSIONS = YES;
				CLANG_ANALYZER_NONNULL = YES;
				CLANG_ANALYZER_NUMBER_OBJECT_CONVERSION = YES_AGGRESSIVE;
				CLANG_CXX_LANGUAGE_STANDARD = "gnu++20";
				CLANG_ENABLE_MODULES = YES;
				CLANG_ENABLE_OBJC_ARC = YES;
				CLANG_ENABLE_OBJC_WEAK = YES;
				CLANG_WARN_BLOCK_CAPTURE_AUTORELEASING = YES;
				CLANG_WARN_BOOL_CONVERSION = YES;
				CLANG_WARN_COMMA = YES;
				CLANG_WARN_CONSTANT_CONVERSION = YES;
				CLANG_WARN_DEPRECATED_OBJC_IMPLEMENTATIONS = YES;
				CLANG_WARN_DIRECT_OBJC_ISA_USAGE = YES_ERROR;
				CLANG_WARN_DOCUMENTATION_COMMENTS = YES;
				CLANG_WARN_EMPTY_BODY = YES;
				CLANG_WARN_ENUM_CONVERSION = YES;
				CLANG_WARN_INFINITE_RECURSION = YES;
				CLANG_WARN_INT_CONVERSION = YES;
				CLANG_WARN_NON_LITERAL_NULL_CONVERSION = YES;
				CLANG_WARN_OBJC_IMPLICIT_RETAIN_SELF = YES;
				CLANG_WARN_OBJC_LITERAL_CONVERSION = YES;
				CLANG_WARN_OBJC_ROOT_CLASS = YES_ERROR;
				CLANG_WARN_QUOTED_INCLUDE_IN_FRAMEWORK_HEADER = YES;
				CLANG_WARN_RANGE_LOOP_ANALYSIS = YES;
				CLANG_WARN_STRICT_PROTOTYPES = YES;
				CLANG_WARN_SUSPICIOUS_MOVE = YES;
				CLANG_WARN_UNGUARDED_AVAILABILITY = YES_AGGRESSIVE;
				CLANG_WARN_UNREACHABLE_CODE = YES;
				CLANG_WARN__DUPLICATE_METHOD_MATCH = YES;
				COPY_PHASE_STRIP = NO;
				DEBUG_INFORMATION_FORMAT = "dwarf-with-dsym";
				ENABLE_NS_ASSERTIONS = NO;
				ENABLE_STRICT_OBJC_MSGSEND = YES;
				ENABLE_USER_SCRIPT_SANDBOXING = YES;
				GCC_C_LANGUAGE_STANDARD = gnu17;
				GCC_NO_COMMON_BLOCKS = YES;
				GCC_WARN_64_TO_32_BIT_CONVERSION = YES;
				GCC_WARN_ABOUT_RETURN_TYPE = YES_ERROR;
				GCC_WARN_UNDECLARED_SELECTOR = YES;
				GCC_WARN_UNINITIALIZED_AUTOS = YES_AGGRESSIVE;
				GCC_WARN_UNUSED_FUNCTION = YES;
				GCC_WARN_UNUSED_VARIABLE = YES;
				IPHONEOS_DEPLOYMENT_TARGET = 18.0;
				LOCALIZATION_PREFERS_STRING_CATALOGS = YES;
				MTL_ENABLE_DEBUG_INFO = NO;
				MTL_FAST_MATH = YES;
				SDKROOT = iphoneos;
				SWIFT_COMPILATION_MODE = wholemodule;
				VALIDATE_PRODUCT = YES;
			};
			name = Release;
		};
		FD0A57402D6E418B003475A1 /* Debug */ = {
			isa = XCBuildConfiguration;
			buildSettings = {
				ASSETCATALOG_COMPILER_APPICON_NAME = AppIcon;
				ASSETCATALOG_COMPILER_GLOBAL_ACCENT_COLOR_NAME = AccentColor;
				CODE_SIGN_STYLE = Automatic;
				CURRENT_PROJECT_VERSION = 1;
				DEVELOPMENT_ASSET_PATHS = "\"Apple-Frameworks/Preview Content\"";
				DEVELOPMENT_TEAM = Z4J3T249NJ;
				ENABLE_PREVIEWS = YES;
				GENERATE_INFOPLIST_FILE = YES;
				INFOPLIST_KEY_UIApplicationSceneManifest_Generation = YES;
				INFOPLIST_KEY_UIApplicationSupportsIndirectInputEvents = YES;
				INFOPLIST_KEY_UILaunchScreen_Generation = YES;
				INFOPLIST_KEY_UISupportedInterfaceOrientations_iPad = "UIInterfaceOrientationPortrait UIInterfaceOrientationPortraitUpsideDown UIInterfaceOrientationLandscapeLeft UIInterfaceOrientationLandscapeRight";
				INFOPLIST_KEY_UISupportedInterfaceOrientations_iPhone = "UIInterfaceOrientationPortrait UIInterfaceOrientationLandscapeLeft UIInterfaceOrientationLandscapeRight";
				LD_RUNPATH_SEARCH_PATHS = (
					"$(inherited)",
					"@executable_path/Frameworks",
				);
				MARKETING_VERSION = 1.0;
				PRODUCT_BUNDLE_IDENTIFIER = "com.generalmotors.Apple-Frameworks";
				PRODUCT_NAME = "$(TARGET_NAME)";
				SWIFT_EMIT_LOC_STRINGS = YES;
				SWIFT_VERSION = 5.0;
				TARGETED_DEVICE_FAMILY = "1,2";
			};
			name = Debug;
		};
		FD0A57412D6E418B003475A1 /* Release */ = {
			isa = XCBuildConfiguration;
			buildSettings = {
				ASSETCATALOG_COMPILER_APPICON_NAME = AppIcon;
				ASSETCATALOG_COMPILER_GLOBAL_ACCENT_COLOR_NAME = AccentColor;
				CODE_SIGN_STYLE = Automatic;
				CURRENT_PROJECT_VERSION = 1;
				DEVELOPMENT_ASSET_PATHS = "\"Apple-Frameworks/Preview Content\"";
				DEVELOPMENT_TEAM = Z4J3T249NJ;
				ENABLE_PREVIEWS = YES;
				GENERATE_INFOPLIST_FILE = YES;
				INFOPLIST_KEY_UIApplicationSceneManifest_Generation = YES;
				INFOPLIST_KEY_UIApplicationSupportsIndirectInputEvents = YES;
				INFOPLIST_KEY_UILaunchScreen_Generation = YES;
				INFOPLIST_KEY_UISupportedInterfaceOrientations_iPad = "UIInterfaceOrientationPortrait UIInterfaceOrientationPortraitUpsideDown UIInterfaceOrientationLandscapeLeft UIInterfaceOrientationLandscapeRight";
				INFOPLIST_KEY_UISupportedInterfaceOrientations_iPhone = "UIInterfaceOrientationPortrait UIInterfaceOrientationLandscapeLeft UIInterfaceOrientationLandscapeRight";
				LD_RUNPATH_SEARCH_PATHS = (
					"$(inherited)",
					"@executable_path/Frameworks",
				);
				MARKETING_VERSION = 1.0;
				PRODUCT_BUNDLE_IDENTIFIER = "com.generalmotors.Apple-Frameworks";
				PRODUCT_NAME = "$(TARGET_NAME)";
				SWIFT_EMIT_LOC_STRINGS = YES;
				SWIFT_VERSION = 5.0;
				TARGETED_DEVICE_FAMILY = "1,2";
			};
			name = Release;
		};
		FD0A57432D6E418B003475A1 /* Debug */ = {
			isa = XCBuildConfiguration;
			buildSettings = {
				BUNDLE_LOADER = "$(TEST_HOST)";
				CODE_SIGN_STYLE = Automatic;
				CURRENT_PROJECT_VERSION = 1;
				DEVELOPMENT_TEAM = Z4J3T249NJ;
				GENERATE_INFOPLIST_FILE = YES;
				IPHONEOS_DEPLOYMENT_TARGET = 18.0;
				MARKETING_VERSION = 1.0;
				PRODUCT_BUNDLE_IDENTIFIER = "com.generalmotors.Apple-FrameworksTests";
				PRODUCT_NAME = "$(TARGET_NAME)";
				SWIFT_EMIT_LOC_STRINGS = NO;
				SWIFT_VERSION = 5.0;
				TARGETED_DEVICE_FAMILY = "1,2";
				TEST_HOST = "$(BUILT_PRODUCTS_DIR)/Apple-Frameworks.app/$(BUNDLE_EXECUTABLE_FOLDER_PATH)/Apple-Frameworks";
			};
			name = Debug;
		};
		FD0A57442D6E418B003475A1 /* Release */ = {
			isa = XCBuildConfiguration;
			buildSettings = {
				BUNDLE_LOADER = "$(TEST_HOST)";
				CODE_SIGN_STYLE = Automatic;
				CURRENT_PROJECT_VERSION = 1;
				DEVELOPMENT_TEAM = Z4J3T249NJ;
				GENERATE_INFOPLIST_FILE = YES;
				IPHONEOS_DEPLOYMENT_TARGET = 18.0;
				MARKETING_VERSION = 1.0;
				PRODUCT_BUNDLE_IDENTIFIER = "com.generalmotors.Apple-FrameworksTests";
				PRODUCT_NAME = "$(TARGET_NAME)";
				SWIFT_EMIT_LOC_STRINGS = NO;
				SWIFT_VERSION = 5.0;
				TARGETED_DEVICE_FAMILY = "1,2";
				TEST_HOST = "$(BUILT_PRODUCTS_DIR)/Apple-Frameworks.app/$(BUNDLE_EXECUTABLE_FOLDER_PATH)/Apple-Frameworks";
			};
			name = Release;
		};
		FD0A57462D6E418B003475A1 /* Debug */ = {
			isa = XCBuildConfiguration;
			buildSettings = {
				CODE_SIGN_STYLE = Automatic;
				CURRENT_PROJECT_VERSION = 1;
				DEVELOPMENT_TEAM = Z4J3T249NJ;
				GENERATE_INFOPLIST_FILE = YES;
				MARKETING_VERSION = 1.0;
				PRODUCT_BUNDLE_IDENTIFIER = "com.generalmotors.Apple-FrameworksUITests";
				PRODUCT_NAME = "$(TARGET_NAME)";
				SWIFT_EMIT_LOC_STRINGS = NO;
				SWIFT_VERSION = 5.0;
				TARGETED_DEVICE_FAMILY = "1,2";
				TEST_TARGET_NAME = "Apple-Frameworks";
			};
			name = Debug;
		};
		FD0A57472D6E418B003475A1 /* Release */ = {
			isa = XCBuildConfiguration;
			buildSettings = {
				CODE_SIGN_STYLE = Automatic;
				CURRENT_PROJECT_VERSION = 1;
				DEVELOPMENT_TEAM = Z4J3T249NJ;
				GENERATE_INFOPLIST_FILE = YES;
				MARKETING_VERSION = 1.0;
				PRODUCT_BUNDLE_IDENTIFIER = "com.generalmotors.Apple-FrameworksUITests";
				PRODUCT_NAME = "$(TARGET_NAME)";
				SWIFT_EMIT_LOC_STRINGS = NO;
				SWIFT_VERSION = 5.0;
				TARGETED_DEVICE_FAMILY = "1,2";
				TEST_TARGET_NAME = "Apple-Frameworks";
			};
			name = Release;
		};
/* End XCBuildConfiguration section */

/* Begin XCConfigurationList section */
		FD0A57162D6E4188003475A1 /* Build configuration list for PBXProject "Apple-Frameworks" */ = {
			isa = XCConfigurationList;
			buildConfigurations = (
				FD0A573D2D6E418B003475A1 /* Debug */,
				FD0A573E2D6E418B003475A1 /* Release */,
			);
			defaultConfigurationIsVisible = 0;
			defaultConfigurationName = Release;
		};
		FD0A573F2D6E418B003475A1 /* Build configuration list for PBXNativeTarget "Apple-Frameworks" */ = {
			isa = XCConfigurationList;
			buildConfigurations = (
				FD0A57402D6E418B003475A1 /* Debug */,
				FD0A57412D6E418B003475A1 /* Release */,
			);
			defaultConfigurationIsVisible = 0;
			defaultConfigurationName = Release;
		};
		FD0A57422D6E418B003475A1 /* Build configuration list for PBXNativeTarget "Apple-FrameworksTests" */ = {
			isa = XCConfigurationList;
			buildConfigurations = (
				FD0A57432D6E418B003475A1 /* Debug */,
				FD0A57442D6E418B003475A1 /* Release */,
			);
			defaultConfigurationIsVisible = 0;
			defaultConfigurationName = Release;
		};
		FD0A57452D6E418B003475A1 /* Build configuration list for PBXNativeTarget "Apple-FrameworksUITests" */ = {
			isa = XCConfigurationList;
			buildConfigurations = (
				FD0A57462D6E418B003475A1 /* Debug */,
				FD0A57472D6E418B003475A1 /* Release */,
			);
			defaultConfigurationIsVisible = 0;
			defaultConfigurationName = Release;
		};
/* End XCConfigurationList section */
	};
	rootObject = FD0A57132D6E4188003475A1 /* Project object */;
}
